{
  "name": "playwright",
  "version": "1.0.0",
  "lockfileVersion": 3,
  "requires": true,
  "packages": {
    "": {
      "name": "playwright",
      "version": "1.0.0",
      "license": "ISC",
      "devDependencies": {
        "@playwright/test": "^1.57.0",
        "@types/node": "^24.10.1"
      }
    },
    "node_modules/@playwright/test": {
      "version": "1.57.0",
      "resolved": "http://maven25.prh.fi/artifactory/api/npm/npm-external-repository/@playwright/test/-/test-1.57.0.tgz",
      "integrity": "sha1-oUcg/6ntfvftvB9geE/GE0rLsAM=",
      "dev": true,
      "license": "Apache-2.0",
      "dependencies": {
        "playwright": "1.57.0"
      },
      "bin": {
        "playwright": "cli.js"
      },
      "engines": {
        "node": ">=18"
      }
    },
    "node_modules/@types/node": {
      "version": "24.10.1",
      "resolved": "http://maven25.prh.fi/artifactory/api/npm/npm-external-repository/@types/node/-/node-24.10.1.tgz",
      "integrity": "sha1-kekhgsk9uL1iJPygMeI3DO+ajwE=",
      "dev": true,
      "license": "MIT",
      "dependencies": {
        "undici-types": "~7.16.0"
      }
    },
    "node_modules/fsevents": {
      "version": "2.3.2",
      "resolved": "http://maven25.prh.fi/artifactory/api/npm/npm-external-repository/fsevents/-/fsevents-2.3.2.tgz",
      "integrity": "sha1-ilJveLj99GI7cJ4Ll1xSwkwC/Ro=",
      "dev": true,
      "hasInstallScript": true,
      "license": "MIT",
      "optional": true,
      "os": [
        "darwin"
      ],
      "engines": {
        "node": "^8.16.0 || ^10.6.0 || >=11.0.0"
      }
    },
    "node_modules/playwright": {
      "version": "1.57.0",
      "resolved": "http://maven25.prh.fi/artifactory/api/npm/npm-external-repository/playwright/-/playwright-1.57.0.tgz",
      "integrity": "sha1-dNHaz/UEjcQL9GdpQLGQHhitD0Y=",
      "dev": true,
      "license": "Apache-2.0",
      "dependencies": {
        "playwright-core": "1.57.0"
      },
      "bin": {
        "playwright": "cli.js"
      },
      "engines": {
        "node": ">=18"
      },
      "optionalDependencies": {
        "fsevents": "2.3.2"
      }
    },
    "node_modules/playwright-core": {
      "version": "1.57.0",
      "resolved": "http://maven25.prh.fi/artifactory/api/npm/npm-external-repository/playwright-core/-/playwright-core-1.57.0.tgz",
      "integrity": "sha1-PcyahlryVvqfCvDWf8jdVO7K6/U=",
      "dev": true,
      "license": "Apache-2.0",
      "bin": {
        "playwright-core": "cli.js"
      },
      "engines": {
        "node": ">=18"
      }
    },
    "node_modules/undici-types": {
      "version": "7.16.0",
      "resolved": "http://maven25.prh.fi/artifactory/api/npm/npm-external-repository/undici-types/-/undici-types-7.16.0.tgz",
      "integrity": "sha1-/8zf82rqSITL/OmnUKBYAiT1ikY=",
      "dev": true,
      "license": "MIT"
    }
  }
}
